
Microsoft Visual Studio Solution File, Format Version 12.00
# Visual Studio 14
VisualStudioVersion = 14.0.23107.0
MinimumVisualStudioVersion = 10.0.40219.1
Project("{FAE04EC0-301F-11D3-BF4B-00C04F79EFBC}") = "Office365UnifiedAPIFromAddin", "Office365UnifiedAPIFromAddin\Office365UnifiedAPIFromAddin.csproj", "{AF25D37C-EAD9-4B35-9149-7C8BBD7C197D}"
EndProject
Project("{FAE04EC0-301F-11D3-BF4B-00C04F79EFBC}") = "Office365UnifiedAPIFromAddinWeb", "Office365UnifiedAPIFromAddinWeb\Office365UnifiedAPIFromAddinWeb.csproj", "{A4009C04-9767-46B7-BEAB-ACF4F9553B92}"
EndProject
Global
	GlobalSection(SolutionConfigurationPlatforms) = preSolution
		Debug|Any CPU = Debug|Any CPU
		Release|Any CPU = Release|Any CPU
	EndGlobalSection
	GlobalSection(ProjectConfigurationPlatforms) = postSolution
		{AF25D37C-EAD9-4B35-9149-7C8BBD7C197D}.Debug|Any CPU.ActiveCfg = Debug|Any CPU
		{AF25D37C-EAD9-4B35-9149-7C8BBD7C197D}.Debug|Any CPU.Build.0 = Debug|Any CPU
		{AF25D37C-EAD9-4B35-9149-7C8BBD7C197D}.Debug|Any CPU.Deploy.0 = Debug|Any CPU
		{AF25D37C-EAD9-4B35-9149-7C8BBD7C197D}.Release|Any CPU.ActiveCfg = Release|Any CPU
		{AF25D37C-EAD9-4B35-9149-7C8BBD7C197D}.Release|Any CPU.Build.0 = Release|Any CPU
		{AF25D37C-EAD9-4B35-9149-7C8BBD7C197D}.Release|Any CPU.Deploy.0 = Release|Any CPU
		{A4009C04-9767-46B7-BEAB-ACF4F9553B92}.Debug|Any CPU.ActiveCfg = Debug|Any CPU
		{A4009C04-9767-46B7-BEAB-ACF4F9553B92}.Debug|Any CPU.Build.0 = Debug|Any CPU
		{A4009C04-9767-46B7-BEAB-ACF4F9553B92}.Release|Any CPU.ActiveCfg = Release|Any CPU
		{A4009C04-9767-46B7-BEAB-ACF4F9553B92}.Release|Any CPU.Build.0 = Release|Any CPU
	EndGlobalSection
	GlobalSection(SolutionProperties) = preSolution
		HideSolutionNode = FALSE
	EndGlobalSection
EndGlobal
